// !$*UTF8*$!
{
	archiveVersion = 1;
	classes = {
	};
	objectVersion = 50;
	objects = {

/* Begin PBXBuildFile section */
		EE148E5F23F4DC610097E95A /* AppDelegate.swift in Sources */ = {isa = PBXBuildFile; fileRef = EE148E5E23F4DC610097E95A /* AppDelegate.swift */; };
		EE148E6123F4DC610097E95A /* SceneDelegate.swift in Sources */ = {isa = PBXBuildFile; fileRef = EE148E6023F4DC610097E95A /* SceneDelegate.swift */; };
		EE148E6623F4DC610097E95A /* Main.storyboard in Resources */ = {isa = PBXBuildFile; fileRef = EE148E6423F4DC610097E95A /* Main.storyboard */; };
		EE148E6923F4DC610097E95A /* learningCloudKit.xcdatamodeld in Sources */ = {isa = PBXBuildFile; fileRef = EE148E6723F4DC610097E95A /* learningCloudKit.xcdatamodeld */; };
		EE148E6B23F4DC620097E95A /* Assets.xcassets in Resources */ = {isa = PBXBuildFile; fileRef = EE148E6A23F4DC620097E95A /* Assets.xcassets */; };
		EE148E6E23F4DC620097E95A /* LaunchScreen.storyboard in Resources */ = {isa = PBXBuildFile; fileRef = EE148E6C23F4DC620097E95A /* LaunchScreen.storyboard */; };
		EE148E7823F4DC7C0097E95A /* CloudKit.framework in Frameworks */ = {isa = PBXBuildFile; fileRef = EE148E7723F4DC7C0097E95A /* CloudKit.framework */; };
		EE148E7A23F4F0390097E95A /* CartoonsTableViewController.swift in Sources */ = {isa = PBXBuildFile; fileRef = EE148E7923F4F0390097E95A /* CartoonsTableViewController.swift */; };
/* End PBXBuildFile section */

/* Begin PBXFileReference section */
		EE148E5B23F4DC610097E95A /* learningCloudKit.app */ = {isa = PBXFileReference; explicitFileType = wrapper.application; includeInIndex = 0; path = learningCloudKit.app; sourceTree = BUILT_PRODUCTS_DIR; };
		EE148E5E23F4DC610097E95A /* AppDelegate.swift */ = {isa = PBXFileReference; lastKnownFileType = sourcecode.swift; path = AppDelegate.swift; sourceTree = "<group>"; };
		EE148E6023F4DC610097E95A /* SceneDelegate.swift */ = {isa = PBXFileReference; lastKnownFileType = sourcecode.swift; path = SceneDelegate.swift; sourceTree = "<group>"; };
		EE148E6523F4DC610097E95A /* Base */ = {isa = PBXFileReference; lastKnownFileType = file.storyboard; name = Base; path = Base.lproj/Main.storyboard; sourceTree = "<group>"; };
		EE148E6823F4DC610097E95A /* learningCloudKit.xcdatamodel */ = {isa = PBXFileReference; lastKnownFileType = wrapper.xcdatamodel; path = learningCloudKit.xcdatamodel; sourceTree = "<group>"; };
		EE148E6A23F4DC620097E95A /* Assets.xcassets */ = {isa = PBXFileReference; lastKnownFileType = folder.assetcatalog; path = Assets.xcassets; sourceTree = "<group>"; };
		EE148E6D23F4DC620097E95A /* Base */ = {isa = PBXFileReference; lastKnownFileType = file.storyboard; name = Base; path = Base.lproj/LaunchScreen.storyboard; sourceTree = "<group>"; };
		EE148E6F23F4DC620097E95A /* Info.plist */ = {isa = PBXFileReference; lastKnownFileType = text.plist.xml; path = Info.plist; sourceTree = "<group>"; };
		EE148E7523F4DC770097E95A /* learningCloudKit.entitlements */ = {isa = PBXFileReference; lastKnownFileType = text.plist.entitlements; path = learningCloudKit.entitlements; sourceTree = "<group>"; };
		EE148E7723F4DC7C0097E95A /* CloudKit.framework */ = {isa = PBXFileReference; lastKnownFileType = wrapper.framework; name = CloudKit.framework; path = System/Library/Frameworks/CloudKit.framework; sourceTree = SDKROOT; };
		EE148E7923F4F0390097E95A /* CartoonsTableViewController.swift */ = {isa = PBXFileReference; lastKnownFileType = sourcecode.swift; path = CartoonsTableViewController.swift; sourceTree = "<group>"; };
/* End PBXFileReference section */

/* Begin PBXFrameworksBuildPhase section */
		EE148E5823F4DC610097E95A /* Frameworks */ = {
			isa = PBXFrameworksBuildPhase;
			buildActionMask = 2147483647;
			files = (
				EE148E7823F4DC7C0097E95A /* CloudKit.framework in Frameworks */,
			);
			runOnlyForDeploymentPostprocessing = 0;
		};
/* End PBXFrameworksBuildPhase section */

/* Begin PBXGroup section */
		EE148E5223F4DC600097E95A = {
			isa = PBXGroup;
			children = (
				EE148E5D23F4DC610097E95A /* learningCloudKit */,
				EE148E5C23F4DC610097E95A /* Products */,
				EE148E7623F4DC7C0097E95A /* Frameworks */,
			);
			sourceTree = "<group>";
		};
		EE148E5C23F4DC610097E95A /* Products */ = {
			isa = PBXGroup;
			children = (
				EE148E5B23F4DC610097E95A /* learningCloudKit.app */,
			);
			name = Products;
			sourceTree = "<group>";
		};
		EE148E5D23F4DC610097E95A /* learningCloudKit */ = {
			isa = PBXGroup;
			children = (
				EE148E7523F4DC770097E95A /* learningCloudKit.entitlements */,
				EE148E5E23F4DC610097E95A /* AppDelegate.swift */,
				EE148E6023F4DC610097E95A /* SceneDelegate.swift */,
				EE148E6423F4DC610097E95A /* Main.storyboard */,
				EE148E6A23F4DC620097E95A /* Assets.xcassets */,
				EE148E6C23F4DC620097E95A /* LaunchScreen.storyboard */,
				EE148E6F23F4DC620097E95A /* Info.plist */,
				EE148E6723F4DC610097E95A /* learningCloudKit.xcdatamodeld */,
				EE148E7923F4F0390097E95A /* CartoonsTableViewController.swift */,
			);
			path = learningCloudKit;
			sourceTree = "<group>";
		};
		EE148E7623F4DC7C0097E95A /* Frameworks */ = {
			isa = PBXGroup;
			children = (
				EE148E7723F4DC7C0097E95A /* CloudKit.framework */,
			);
			name = Frameworks;
			sourceTree = "<group>";
		};
/* End PBXGroup section */

/* Begin PBXNativeTarget section */
		EE148E5A23F4DC610097E95A /* learningCloudKit */ = {
			isa = PBXNativeTarget;
			buildConfigurationList = EE148E7223F4DC620097E95A /* Build configuration list for PBXNativeTarget "learningCloudKit" */;
			buildPhases = (
				EE148E5723F4DC610097E95A /* Sources */,
				EE148E5823F4DC610097E95A /* Frameworks */,
				EE148E5923F4DC610097E95A /* Resources */,
			);
			buildRules = (
			);
			dependencies = (
			);
			name = learningCloudKit;
			productName = learningCloudKit;
			productReference = EE148E5B23F4DC610097E95A /* learningCloudKit.app */;
			productType = "com.apple.product-type.application";
		};
/* End PBXNativeTarget section */

/* Begin PBXProject section */
		EE148E5323F4DC600097E95A /* Project object */ = {
			isa = PBXProject;
			attributes = {
				LastSwiftUpdateCheck = 1130;
				LastUpgradeCheck = 1130;
				ORGANIZATIONNAME = "Libranner Leonel Santos Espinal";
				TargetAttributes = {
					EE148E5A23F4DC610097E95A = {
						CreatedOnToolsVersion = 11.3.1;
					};
				};
			};
			buildConfigurationList = EE148E5623F4DC600097E95A /* Build configuration list for PBXProject "learningCloudKit" */;
			compatibilityVersion = "Xcode 9.3";
			developmentRegion = en;
			hasScannedForEncodings = 0;
			knownRegions = (
				en,
				Base,
			);
			mainGroup = EE148E5223F4DC600097E95A;
			productRefGroup = EE148E5C23F4DC610097E95A /* Products */;
			projectDirPath = "";
			projectRoot = "";
			targets = (
				EE148E5A23F4DC610097E95A /* learningCloudKit */,
			);
		};
/* End PBXProject section */

/* Begin PBXResourcesBuildPhase section */
		EE148E5923F4DC610097E95A /* Resources */ = {
			isa = PBXResourcesBuildPhase;
			buildActionMask = 2147483647;
			files = (
				EE148E6E23F4DC620097E95A /* LaunchScreen.storyboard in Resources */,
				EE148E6B23F4DC620097E95A /* Assets.xcassets in Resources */,
				EE148E6623F4DC610097E95A /* Main.storyboard in Resources */,
			);
			runOnlyForDeploymentPostprocessing = 0;
		};
/* End PBXResourcesBuildPhase section */

/* Begin PBXSourcesBuildPhase section */
		EE148E5723F4DC610097E95A /* Sources */ = {
			isa = PBXSourcesBuildPhase;
			buildActionMask = 2147483647;
			files = (
				EE148E7A23F4F0390097E95A /* CartoonsTableViewController.swift in Sources */,
				EE148E6923F4DC610097E95A /* learningCloudKit.xcdatamodeld in Sources */,
				EE148E5F23F4DC610097E95A /* AppDelegate.swift in Sources */,
				EE148E6123F4DC610097E95A /* SceneDelegate.swift in Sources */,
			);
			runOnlyForDeploymentPostprocessing = 0;
		};
/* End PBXSourcesBuildPhase section */

/* Begin PBXVariantGroup section */
		EE148E6423F4DC610097E95A /* Main.storyboard */ = {
			isa = PBXVariantGroup;
			children = (
				EE148E6523F4DC610097E95A /* Base */,
			);
			name = Main.storyboard;
			sourceTree = "<group>";
		};
		EE148E6C23F4DC620097E95A /* LaunchScreen.storyboard */ = {
			isa = PBXVariantGroup;
			children = (
				EE148E6D23F4DC620097E95A /* Base */,
			);
			name = LaunchScreen.storyboard;
			sourceTree = "<group>";
		};
/* End PBXVariantGroup section */

/* Begin XCBuildConfiguration section */
		EE148E7023F4DC620097E95A /* Debug */ = {
			isa = XCBuildConfiguration;
			buildSettings = {
				ALWAYS_SEARCH_USER_PATHS = NO;
				CLANG_ANALYZER_NONNULL = YES;
				CLANG_ANALYZER_NUMBER_OBJECT_CONVERSION = YES_AGGRESSIVE;
				CLANG_CXX_LANGUAGE_STANDARD = "gnu++14";
				CLANG_CXX_LIBRARY = "libc++";
				CLANG_ENABLE_MODULES = YES;
				CLANG_ENABLE_OBJC_ARC = YES;
				CLANG_ENABLE_OBJC_WEAK = YES;
				CLANG_WARN_BLOCK_CAPTURE_AUTORELEASING = YES;
				CLANG_WARN_BOOL_CONVERSION = YES;
				CLANG_WARN_COMMA = YES;
				CLANG_WARN_CONSTANT_CONVERSION = YES;
				CLANG_WARN_DEPRECATED_OBJC_IMPLEMENTATIONS = YES;
				CLANG_WARN_DIRECT_OBJC_ISA_USAGE = YES_ERROR;
				CLANG_WARN_DOCUMENTATION_COMMENTS = YES;
				CLANG_WARN_EMPTY_BODY = YES;
				CLANG_WARN_ENUM_CONVERSION = YES;
				CLANG_WARN_INFINITE_RECURSION = YES;
				CLANG_WARN_INT_CONVERSION = YES;
				CLANG_WARN_NON_LITERAL_NULL_CONVERSION = YES;
				CLANG_WARN_OBJC_IMPLICIT_RETAIN_SELF = YES;
				CLANG_WARN_OBJC_LITERAL_CONVERSION = YES;
				CLANG_WARN_OBJC_ROOT_CLASS = YES_ERROR;
				CLANG_WARN_RANGE_LOOP_ANALYSIS = YES;
				CLANG_WARN_STRICT_PROTOTYPES = YES;
				CLANG_WARN_SUSPICIOUS_MOVE = YES;
				CLANG_WARN_UNGUARDED_AVAILABILITY = YES_AGGRESSIVE;
				CLANG_WARN_UNREACHABLE_CODE = YES;
				CLANG_WARN__DUPLICATE_METHOD_MATCH = YES;
				COPY_PHASE_STRIP = NO;
				DEBUG_INFORMATION_FORMAT = dwarf;
				ENABLE_STRICT_OBJC_MSGSEND = YES;
				ENABLE_TESTABILITY = YES;
				GCC_C_LANGUAGE_STANDARD = gnu11;
				GCC_DYNAMIC_NO_PIC = NO;
				GCC_NO_COMMON_BLOCKS = YES;
				GCC_OPTIMIZATION_LEVEL = 0;
				GCC_PREPROCESSOR_DEFINITIONS = (
					"DEBUG=1",
					"$(inherited)",
				);
				GCC_WARN_64_TO_32_BIT_CONVERSION = YES;
				GCC_WARN_ABOUT_RETURN_TYPE = YES_ERROR;
				GCC_WARN_UNDECLARED_SELECTOR = YES;
				GCC_WARN_UNINITIALIZED_AUTOS = YES_AGGRESSIVE;
				GCC_WARN_UNUSED_FUNCTION = YES;
				GCC_WARN_UNUSED_VARIABLE = YES;
				IPHONEOS_DEPLOYMENT_TARGET = 13.2;
				MTL_ENABLE_DEBUG_INFO = INCLUDE_SOURCE;
				MTL_FAST_MATH = YES;
				ONLY_ACTIVE_ARCH = YES;
				SDKROOT = iphoneos;
				SWIFT_ACTIVE_COMPILATION_CONDITIONS = DEBUG;
				SWIFT_OPTIMIZATION_LEVEL = "-Onone";
			};
			name = Debug;
		};
		EE148E7123F4DC620097E95A /* Release */ = {
			isa = XCBuildConfiguration;
			buildSettings = {
				ALWAYS_SEARCH_USER_PATHS = NO;
				CLANG_ANALYZER_NONNULL = YES;
				CLANG_ANALYZER_NUMBER_OBJECT_CONVERSION = YES_AGGRESSIVE;
				CLANG_CXX_LANGUAGE_STANDARD = "gnu++14";
				CLANG_CXX_LIBRARY = "libc++";
				CLANG_ENABLE_MODULES = YES;
				CLANG_ENABLE_OBJC_ARC = YES;
				CLANG_ENABLE_OBJC_WEAK = YES;
				CLANG_WARN_BLOCK_CAPTURE_AUTORELEASING = YES;
				CLANG_WARN_BOOL_CONVERSION = YES;
				CLANG_WARN_COMMA = YES;
				CLANG_WARN_CONSTANT_CONVERSION = YES;
				CLANG_WARN_DEPRECATED_OBJC_IMPLEMENTATIONS = YES;
				CLANG_WARN_DIRECT_OBJC_ISA_USAGE = YES_ERROR;
				CLANG_WARN_DOCUMENTATION_COMMENTS = YES;
				CLANG_WARN_EMPTY_BODY = YES;
				CLANG_WARN_ENUM_CONVERSION = YES;
				CLANG_WARN_INFINITE_RECURSION = YES;
				CLANG_WARN_INT_CONVERSION = YES;
				CLANG_WARN_NON_LITERAL_NULL_CONVERSION = YES;
				CLANG_WARN_OBJC_IMPLICIT_RETAIN_SELF = YES;
				CLANG_WARN_OBJC_LITERAL_CONVERSION = YES;
				CLANG_WARN_OBJC_ROOT_CLASS = YES_ERROR;
				CLANG_WARN_RANGE_LOOP_ANALYSIS = YES;
				CLANG_WARN_STRICT_PROTOTYPES = YES;
				CLANG_WARN_SUSPICIOUS_MOVE = YES;
				CLANG_WARN_UNGUARDED_AVAILABILITY = YES_AGGRESSIVE;
				CLANG_WARN_UNREACHABLE_CODE = YES;
				CLANG_WARN__DUPLICATE_METHOD_MATCH = YES;
				COPY_PHASE_STRIP = NO;
				DEBUG_INFORMATION_FORMAT = "dwarf-with-dsym";
				ENABLE_NS_ASSERTIONS = NO;
				ENABLE_STRICT_OBJC_MSGSEND = YES;
				GCC_C_LANGUAGE_STANDARD = gnu11;
				GCC_NO_COMMON_BLOCKS = YES;
				GCC_WARN_64_TO_32_BIT_CONVERSION = YES;
				GCC_WARN_ABOUT_RETURN_TYPE = YES_ERROR;
				GCC_WARN_UNDECLARED_SELECTOR = YES;
				GCC_WARN_UNINITIALIZED_AUTOS = YES_AGGRESSIVE;
				GCC_WARN_UNUSED_FUNCTION = YES;
				GCC_WARN_UNUSED_VARIABLE = YES;
				IPHONEOS_DEPLOYMENT_TARGET = 13.2;
				MTL_ENABLE_DEBUG_INFO = NO;
				MTL_FAST_MATH = YES;
				SDKROOT = iphoneos;
				SWIFT_COMPILATION_MODE = wholemodule;
				SWIFT_OPTIMIZATION_LEVEL = "-O";
				VALIDATE_PRODUCT = YES;
			};
			name = Release;
		};
		EE148E7323F4DC620097E95A /* Debug */ = {
			isa = XCBuildConfiguration;
			buildSettings = {
				ASSETCATALOG_COMPILER_APPICON_NAME = AppIcon;
				CODE_SIGN_ENTITLEMENTS = learningCloudKit/learningCloudKit.entitlements;
				CODE_SIGN_STYLE = Automatic;
				DEVELOPMENT_TEAM = RDV2KJUFH7;
				INFOPLIST_FILE = learningCloudKit/Info.plist;
				LD_RUNPATH_SEARCH_PATHS = (
					"$(inherited)",
					"@executable_path/Frameworks",
				);
				PRODUCT_BUNDLE_IDENTIFIER = es.usj.learningCloudKit;
				PRODUCT_NAME = "$(TARGET_NAME)";
				SWIFT_VERSION = 5.0;
				TARGETED_DEVICE_FAMILY = "1,2";
			};
			name = Debug;
		};
		EE148E7423F4DC620097E95A /* Release */ = {
			isa = XCBuildConfiguration;
			buildSettings = {
				ASSETCATALOG_COMPILER_APPICON_NAME = AppIcon;
				CODE_SIGN_ENTITLEMENTS = learningCloudKit/learningCloudKit.entitlements;
				CODE_SIGN_STYLE = Automatic;
				DEVELOPMENT_TEAM = RDV2KJUFH7;
				INFOPLIST_FILE = learningCloudKit/Info.plist;
				LD_RUNPATH_SEARCH_PATHS = (
					"$(inherited)",
					"@executable_path/Frameworks",
				);
				PRODUCT_BUNDLE_IDENTIFIER = es.usj.learningCloudKit;
				PRODUCT_NAME = "$(TARGET_NAME)";
				SWIFT_VERSION = 5.0;
				TARGETED_DEVICE_FAMILY = "1,2";
			};
			name = Release;
		};
/* End XCBuildConfiguration section */

/* Begin XCConfigurationList section */
		EE148E5623F4DC600097E95A /* Build configuration list for PBXProject "learningCloudKit" */ = {
			isa = XCConfigurationList;
			buildConfigurations = (
				EE148E7023F4DC620097E95A /* Debug */,
				EE148E7123F4DC620097E95A /* Release */,
			);
			defaultConfigurationIsVisible = 0;
			defaultConfigurationName = Release;
		};
		EE148E7223F4DC620097E95A /* Build configuration list for PBXNativeTarget "learningCloudKit" */ = {
			isa = XCConfigurationList;
			buildConfigurations = (
				EE148E7323F4DC620097E95A /* Debug */,
				EE148E7423F4DC620097E95A /* Release */,
			);
			defaultConfigurationIsVisible = 0;
			defaultConfigurationName = Release;
		};
/* End XCConfigurationList section */

/* Begin XCVersionGroup section */
		EE148E6723F4DC610097E95A /* learningCloudKit.xcdatamodeld */ = {
			isa = XCVersionGroup;
			children = (
				EE148E6823F4DC610097E95A /* learningCloudKit.xcdatamodel */,
			);
			currentVersion = EE148E6823F4DC610097E95A /* learningCloudKit.xcdatamodel */;
			path = learningCloudKit.xcdatamodeld;
			sourceTree = "<group>";
			versionGroupType = wrapper.xcdatamodel;
		};
/* End XCVersionGroup section */
	};
	rootObject = EE148E5323F4DC600097E95A /* Project object */;
}
